
Microsoft Visual Studio Solution File, Format Version 12.00
# Visual Studio Version 17
VisualStudioVersion = 17.10.35122.118
MinimumVisualStudioVersion = 10.0.40219.1
Project("{FAE04EC0-301F-11D3-BF4B-00C04F79EFBC}") = "Game of Chance", "Game of Chance\Game of Chance.csproj", "{994E1991-83AA-4C07-8C80-BD5F8FBEE212}"
EndProject
Global
	GlobalSection(SolutionConfigurationPlatforms) = preSolution
		Debug|Any CPU = Debug|Any CPU
		Release|Any CPU = Release|Any CPU
	EndGlobalSection
	GlobalSection(ProjectConfigurationPlatforms) = postSolution
		{994E1991-83AA-4C07-8C80-BD5F8FBEE212}.Debug|Any CPU.ActiveCfg = Debug|Any CPU
		{994E1991-83AA-4C07-8C80-BD5F8FBEE212}.Debug|Any CPU.Build.0 = Debug|Any CPU
		{994E1991-83AA-4C07-8C80-BD5F8FBEE212}.Release|Any CPU.ActiveCfg = Release|Any CPU
		{994E1991-83AA-4C07-8C80-BD5F8FBEE212}.Release|Any CPU.Build.0 = Release|Any CPU
	EndGlobalSection
	GlobalSection(SolutionProperties) = preSolution
		HideSolutionNode = FALSE
	EndGlobalSection
	GlobalSection(ExtensibilityGlobals) = postSolution
		SolutionGuid = {732F7357-6D9E-4C76-BB41-C59BDC16B329}
	EndGlobalSection
EndGlobal
